
Microsoft Visual Studio Solution File, Format Version 12.00
# Visual Studio Version 17
VisualStudioVersion = 17.7.34202.233
MinimumVisualStudioVersion = 10.0.40219.1
Project("{FAE04EC0-301F-11D3-BF4B-00C04F79EFBC}") = "Library", "Library\Library.csproj", "{77515223-5526-492B-AABF-F2D2C65FA901}"
EndProject
Global
	GlobalSection(SolutionConfigurationPlatforms) = preSolution
		Debug|Any CPU = Debug|Any CPU
		Release|Any CPU = Release|Any CPU
	EndGlobalSection
	GlobalSection(ProjectConfigurationPlatforms) = postSolution
		{77515223-5526-492B-AABF-F2D2C65FA901}.Debug|Any CPU.ActiveCfg = Debug|Any CPU
		{77515223-5526-492B-AABF-F2D2C65FA901}.Debug|Any CPU.Build.0 = Debug|Any CPU
		{77515223-5526-492B-AABF-F2D2C65FA901}.Release|Any CPU.ActiveCfg = Release|Any CPU
		{77515223-5526-492B-AABF-F2D2C65FA901}.Release|Any CPU.Build.0 = Release|Any CPU
	EndGlobalSection
	GlobalSection(SolutionProperties) = preSolution
		HideSolutionNode = FALSE
	EndGlobalSection
	GlobalSection(ExtensibilityGlobals) = postSolution
		SolutionGuid = {65BF6DE8-69B3-4AD5-A15E-5EE6EA9F9519}
	EndGlobalSection
EndGlobal
